
Microsoft Visual Studio Solution File, Format Version 12.00
Project("{FAE04EC0-301F-11D3-BF4B-00C04F79EFBC}") = "Furnace2MML", "Furnace2MML\Furnace2MML.csproj", "{928A26E6-C31A-4450-8F98-0669546FA87B}"
EndProject
Global
	GlobalSection(SolutionConfigurationPlatforms) = preSolution
		Debug|Any CPU = Debug|Any CPU
		Release|Any CPU = Release|Any CPU
	EndGlobalSection
	GlobalSection(ProjectConfigurationPlatforms) = postSolution
		{928A26E6-C31A-4450-8F98-0669546FA87B}.Debug|Any CPU.ActiveCfg = Debug|Any CPU
		{928A26E6-C31A-4450-8F98-0669546FA87B}.Debug|Any CPU.Build.0 = Debug|Any CPU
		{928A26E6-C31A-4450-8F98-0669546FA87B}.Release|Any CPU.ActiveCfg = Release|Any CPU
		{928A26E6-C31A-4450-8F98-0669546FA87B}.Release|Any CPU.Build.0 = Release|Any CPU
	EndGlobalSection
EndGlobal
